# THIS IS AN AUTOGENERATED FILE. DO NOT EDIT THIS FILE DIRECTLY.
# yarn lockfile v1


"@fastify/busboy@^2.0.0":
  version "2.1.1"
  resolved "https://registry.yarnpkg.com/@fastify/busboy/-/busboy-2.1.1.tgz#b9da6a878a371829a0502c9b6c1c143ef6663f4d"
  integrity sha512-vBZP4NlzfOlerQTnba4aqZoMhE/a9HY7HRqoOPaETQcSQuWEIyZMHGfVu6w9wGtGK5fED5qRs2DteVCjOH60sA==

"@firebase/analytics-compat@0.2.9":
  version "0.2.9"
  resolved "https://registry.yarnpkg.com/@firebase/analytics-compat/-/analytics-compat-0.2.9.tgz#ef3b4ff2b16a6a68faf8b7fb622783d8f758a66a"
  integrity sha512-ZKXaUixA+drbf3meX1bhPCG90UWrpw1KDrCydhe2Uf0VFZmZyVVr0bAcVpqLm29W4td7qp2RpFjVwercZ5mxTg==
  dependencies:
    "@firebase/analytics" "0.10.3"
    "@firebase/analytics-types" "0.8.2"
    "@firebase/component" "0.6.7"
    "@firebase/util" "1.9.6"
    tslib "^2.1.0"

"@firebase/analytics-types@0.8.2":
  version "0.8.2"
  resolved "https://registry.yarnpkg.com/@firebase/analytics-types/-/analytics-types-0.8.2.tgz#947f85346e404332aac6c996d71fd4a89cd7f87a"
  integrity sha512-EnzNNLh+9/sJsimsA/FGqzakmrAUKLeJvjRHlg8df1f97NLUlFidk9600y0ZgWOp3CAxn6Hjtk+08tixlUOWyw==

"@firebase/analytics@0.10.3":
  version "0.10.3"
  resolved "https://registry.yarnpkg.com/@firebase/analytics/-/analytics-0.10.3.tgz#c04c38fd0ab27e4f220e824e0b7635dd83e6bd05"
  integrity sha512-pMADbAgmfM3vDSeINCw0qSTBA9nn6so8min2KaBfu5eda5kfemb/DeawNUKOIxrP3yV4teJgCKA3JFomfnozEg==
  dependencies:
    "@firebase/component" "0.6.7"
    "@firebase/installations" "0.6.7"
    "@firebase/logger" "0.4.2"
    "@firebase/util" "1.9.6"
    tslib "^2.1.0"

"@firebase/app-check-compat@0.3.11":
  version "0.3.11"
  resolved "https://registry.yarnpkg.com/@firebase/app-check-compat/-/app-check-compat-0.3.11.tgz#0a5d1c72c91ba239e4dabf6fd698b27f082030ca"
  integrity sha512-t01zaH3RJpKEey0nGduz3Is+uSz7Sj4U5nwOV6lWb+86s5xtxpIvBJzu/lKxJfYyfZ29eJwpdjEgT1/lm4iQyA==
  dependencies:
    "@firebase/app-check" "0.8.4"
    "@firebase/app-check-types" "0.5.2"
    "@firebase/component" "0.6.7"
    "@firebase/logger" "0.4.2"
    "@firebase/util" "1.9.6"
    tslib "^2.1.0"

"@firebase/app-check-interop-types@0.3.2":
  version "0.3.2"
  resolved "https://registry.yarnpkg.com/@firebase/app-check-interop-types/-/app-check-interop-types-0.3.2.tgz#455b6562c7a3de3ef75ea51f72dfec5829ad6997"
  integrity sha512-LMs47Vinv2HBMZi49C09dJxp0QT5LwDzFaVGf/+ITHe3BlIhUiLNttkATSXplc89A2lAaeTqjgqVkiRfUGyQiQ==

"@firebase/app-check-types@0.5.2":
  version "0.5.2"
  resolved "https://registry.yarnpkg.com/@firebase/app-check-types/-/app-check-types-0.5.2.tgz#1221bd09b471e11bb149252f16640a0a51043cbc"
  integrity sha512-FSOEzTzL5bLUbD2co3Zut46iyPWML6xc4x+78TeaXMSuJap5QObfb+rVvZJtla3asN4RwU7elaQaduP+HFizDA==

"@firebase/app-check@0.8.4":
  version "0.8.4"
  resolved "https://registry.yarnpkg.com/@firebase/app-check/-/app-check-0.8.4.tgz#1c965d34527d1b924fc7bd51789119b3f817bf94"
  integrity sha512-2tjRDaxcM5G7BEpytiDcIl+NovV99q8yEqRMKDbn4J4i/XjjuThuB4S+4PkmTnZiCbdLXQiBhkVxNlUDcfog5Q==
  dependencies:
    "@firebase/component" "0.6.7"
    "@firebase/logger" "0.4.2"
    "@firebase/util" "1.9.6"
    tslib "^2.1.0"

"@firebase/app-compat@0.2.33":
  version "0.2.33"
  resolved "https://registry.yarnpkg.com/@firebase/app-compat/-/app-compat-0.2.33.tgz#d2cac01eea5eebec98074265be3a66c59c606fc3"
  integrity sha512-CLXhYJBtLuHXCUvs894gpXEXhZ7Nhytn2icLLIesH+hPLnyBeBf2CSve6Wjig+TOxTdwOQUzdtYpdjmeeYDfpw==
  dependencies:
    "@firebase/app" "0.10.3"
    "@firebase/component" "0.6.7"
    "@firebase/logger" "0.4.2"
    "@firebase/util" "1.9.6"
    tslib "^2.1.0"

"@firebase/app-types@0.9.2":
  version "0.9.2"
  resolved "https://registry.yarnpkg.com/@firebase/app-types/-/app-types-0.9.2.tgz#8cbcceba784753a7c0066a4809bc22f93adee080"
  integrity sha512-oMEZ1TDlBz479lmABwWsWjzHwheQKiAgnuKxE0pz0IXCVx7/rtlkx1fQ6GfgK24WCrxDKMplZrT50Kh04iMbXQ==

"@firebase/app@0.10.3":
  version "0.10.3"
  resolved "https://registry.yarnpkg.com/@firebase/app/-/app-0.10.3.tgz#d4c6a230e59ea9447f0cc9f9541a9e73cd54d4a0"
  integrity sha512-+pW2wNjijh88aFRjNWhDNlVJI5vB7q1IKYEE79a7ErxwNS/Bo+oh16aAAPvunhT06EF5I8y9gAlNuHNN8u4z8g==
  dependencies:
    "@firebase/component" "0.6.7"
    "@firebase/logger" "0.4.2"
    "@firebase/util" "1.9.6"
    idb "7.1.1"
    tslib "^2.1.0"

"@firebase/auth-compat@0.5.8":
  version "0.5.8"
  resolved "https://registry.yarnpkg.com/@firebase/auth-compat/-/auth-compat-0.5.8.tgz#2fc51e12c00f5f6062539fee39fc50b7436985ca"
  integrity sha512-qUgmv/mcth9wHPTOCKgAOeHe5c+BIOJVcbX2RfcjlXO3xnd8nRafwEkZKBNJUjy4oihYhqFMEMnTHLhwLJwLig==
  dependencies:
    "@firebase/auth" "1.7.3"
    "@firebase/auth-types" "0.12.2"
    "@firebase/component" "0.6.7"
    "@firebase/util" "1.9.6"
    tslib "^2.1.0"
    undici "5.28.4"

"@firebase/auth-interop-types@0.2.3":
  version "0.2.3"
  resolved "https://registry.yarnpkg.com/@firebase/auth-interop-types/-/auth-interop-types-0.2.3.tgz#927f1f2139a680b55fef0bddbff2c982b08587e8"
  integrity sha512-Fc9wuJGgxoxQeavybiuwgyi+0rssr76b+nHpj+eGhXFYAdudMWyfBHvFL/I5fEHniUM/UQdFzi9VXJK2iZF7FQ==

"@firebase/auth-types@0.12.2":
  version "0.12.2"
  resolved "https://registry.yarnpkg.com/@firebase/auth-types/-/auth-types-0.12.2.tgz#f12d890585866e53b6ab18b16fa4d425c52eee6e"
  integrity sha512-qsEBaRMoGvHO10unlDJhaKSuPn4pyoTtlQuP1ghZfzB6rNQPuhp/N/DcFZxm9i4v0SogjCbf9reWupwIvfmH6w==

"@firebase/auth@1.7.3":
  version "1.7.3"
  resolved "https://registry.yarnpkg.com/@firebase/auth/-/auth-1.7.3.tgz#b83bcf0aecb718d6291b6808abfd33572a69a2fb"
  integrity sha512-RiU1PjziOxLuyswtYtLK2qSjHIQJQGCk1h986SUFRbMQfzLXbQg8ZgXwxac1UAfDOzgzqPNCXhBuIlSK2UomoQ==
  dependencies:
    "@firebase/component" "0.6.7"
    "@firebase/logger" "0.4.2"
    "@firebase/util" "1.9.6"
    tslib "^2.1.0"
    undici "5.28.4"

"@firebase/component@0.6.7":
  version "0.6.7"
  resolved "https://registry.yarnpkg.com/@firebase/component/-/component-0.6.7.tgz#6fbffddb26833e1ed58bf296ad587cb330aee716"
  integrity sha512-baH1AA5zxfaz4O8w0vDwETByrKTQqB5CDjRls79Sa4eAGAoERw4Tnung7XbMl3jbJ4B/dmmtsMrdki0KikwDYA==
  dependencies:
    "@firebase/util" "1.9.6"
    tslib "^2.1.0"

"@firebase/database-compat@1.0.5":
  version "1.0.5"
  resolved "https://registry.yarnpkg.com/@firebase/database-compat/-/database-compat-1.0.5.tgz#18c2314f169942ac315e46b68f86cbe64bafe063"
  integrity sha512-NDSMaDjQ+TZEMDMmzJwlTL05kh1+0Y84C+kVMaOmNOzRGRM7VHi29I6YUhCetXH+/b1Wh4ZZRyp1CuWkd8s6hg==
  dependencies:
    "@firebase/component" "0.6.7"
    "@firebase/database" "1.0.5"
    "@firebase/database-types" "1.0.3"
    "@firebase/logger" "0.4.2"
    "@firebase/util" "1.9.6"
    tslib "^2.1.0"

"@firebase/database-types@1.0.3":
  version "1.0.3"
  resolved "https://registry.yarnpkg.com/@firebase/database-types/-/database-types-1.0.3.tgz#1b764212dce88eca74b16da9d220cfea6814858e"
  integrity sha512-39V/Riv2R3O/aUjYKh0xypj7NTNXNAK1bcgY5Kx+hdQPRS/aPTS8/5c0CGFYKgVuFbYlnlnhrCTYsh2uNhGwzA==
  dependencies:
    "@firebase/app-types" "0.9.2"
    "@firebase/util" "1.9.6"

"@firebase/database@1.0.5":
  version "1.0.5"
  resolved "https://registry.yarnpkg.com/@firebase/database/-/database-1.0.5.tgz#09d7162b7dbc4533f17498ac6a76d5e757ab45be"
  integrity sha512-cAfwBqMQuW6HbhwI3Cb/gDqZg7aR0OmaJ85WUxlnoYW2Tm4eR0hFl5FEijI3/gYPUiUcUPQvTkGV222VkT7KPw==
  dependencies:
    "@firebase/app-check-interop-types" "0.3.2"
    "@firebase/auth-interop-types" "0.2.3"
    "@firebase/component" "0.6.7"
    "@firebase/logger" "0.4.2"
    "@firebase/util" "1.9.6"
    faye-websocket "0.11.4"
    tslib "^2.1.0"

"@firebase/firestore-compat@0.3.31":
  version "0.3.31"
  resolved "https://registry.yarnpkg.com/@firebase/firestore-compat/-/firestore-compat-0.3.31.tgz#687955293f93b1b66c9464836a5e87aa2c4f3f79"
  integrity sha512-YbR9GGLfYY9A5Qh2SyyNz7EsNeC5SRjzgRxtMtqz2s2es+p+5sDfFUUNKqpgVaIcnoPGOtvCLhNNWG/TBmlQjw==
  dependencies:
    "@firebase/component" "0.6.7"
    "@firebase/firestore" "4.6.2"
    "@firebase/firestore-types" "3.0.2"
    "@firebase/util" "1.9.6"
    tslib "^2.1.0"

"@firebase/firestore-types@3.0.2":
  version "3.0.2"
  resolved "https://registry.yarnpkg.com/@firebase/firestore-types/-/firestore-types-3.0.2.tgz#75c301acc5fa33943eaaa9570b963c55398cad2a"
  integrity sha512-wp1A+t5rI2Qc/2q7r2ZpjUXkRVPtGMd6zCLsiWurjsQpqPgFin3AhNibKcIzoF2rnToNa/XYtyWXuifjOOwDgg==

"@firebase/firestore@4.6.2":
  version "4.6.2"
  resolved "https://registry.yarnpkg.com/@firebase/firestore/-/firestore-4.6.2.tgz#5ae47ba1232608f16132631ffb3476a161ccae07"
  integrity sha512-sxHtvmfH/1689aPQRxOXBWDumaPqg5AjQVkfwpt+Z3rnaa0aLJlrt2PZs9Xh04qbmWiwtkDgztFmoR/aQdMQJQ==
  dependencies:
    "@firebase/component" "0.6.7"
    "@firebase/logger" "0.4.2"
    "@firebase/util" "1.9.6"
    "@firebase/webchannel-wrapper" "1.0.0"
    "@grpc/grpc-js" "~1.9.0"
    "@grpc/proto-loader" "^0.7.8"
    tslib "^2.1.0"
    undici "5.28.4"

"@firebase/functions-compat@0.3.11":
  version "0.3.11"
  resolved "https://registry.yarnpkg.com/@firebase/functions-compat/-/functions-compat-0.3.11.tgz#9fdff8b174879b404501df7b8b519e5fb6d0b8ec"
  integrity sha512-Qn+ts/M6Lj2/6i1cp5V5TRR+Hi9kyXyHbo+w9GguINJ87zxrCe6ulx3TI5AGQkoQa8YFHUhT3DMGmLFiJjWTSQ==
  dependencies:
    "@firebase/component" "0.6.7"
    "@firebase/functions" "0.11.5"
    "@firebase/functions-types" "0.6.2"
    "@firebase/util" "1.9.6"
    tslib "^2.1.0"

"@firebase/functions-types@0.6.2":
  version "0.6.2"
  resolved "https://registry.yarnpkg.com/@firebase/functions-types/-/functions-types-0.6.2.tgz#03b4ec9259d2f57548a3909d6a35ae35ad243552"
  integrity sha512-0KiJ9lZ28nS2iJJvimpY4nNccV21rkQyor5Iheu/nq8aKXJqtJdeSlZDspjPSBBiHRzo7/GMUttegnsEITqR+w==

"@firebase/functions@0.11.5":
  version "0.11.5"
  resolved "https://registry.yarnpkg.com/@firebase/functions/-/functions-0.11.5.tgz#e4187ae3ae262b0482114f7ad418600ca84f3459"
  integrity sha512-qrHJ+l62mZiU5UZiVi84t/iLXZlhRuSvBQsa2qvNLgPsEWR7wdpWhRmVdB7AU8ndkSHJjGlMICqrVnz47sgU7Q==
  dependencies:
    "@firebase/app-check-interop-types" "0.3.2"
    "@firebase/auth-interop-types" "0.2.3"
    "@firebase/component" "0.6.7"
    "@firebase/messaging-interop-types" "0.2.2"
    "@firebase/util" "1.9.6"
    tslib "^2.1.0"
    undici "5.28.4"

"@firebase/installations-compat@0.2.7":
  version "0.2.7"
  resolved "https://registry.yarnpkg.com/@firebase/installations-compat/-/installations-compat-0.2.7.tgz#c430f34bfcfc008c92ca32fd11d6c84ab5dd7888"
  integrity sha512-RPcbD+3nqHbnhVjIOpWK2H5qzZ8pAAAScceiWph0VNTqpKyPQ5tDcp4V5fS0ELpfgsHYvroMLDKfeHxpfvm8cw==
  dependencies:
    "@firebase/component" "0.6.7"
    "@firebase/installations" "0.6.7"
    "@firebase/installations-types" "0.5.2"
    "@firebase/util" "1.9.6"
    tslib "^2.1.0"

"@firebase/installations-types@0.5.2":
  version "0.5.2"
  resolved "https://registry.yarnpkg.com/@firebase/installations-types/-/installations-types-0.5.2.tgz#4d4949e0e83ced7f36cbee009355cd305a36e158"
  integrity sha512-que84TqGRZJpJKHBlF2pkvc1YcXrtEDOVGiDjovP/a3s6W4nlbohGXEsBJo0JCeeg/UG9A+DEZVDUV9GpklUzA==

"@firebase/installations@0.6.7":
  version "0.6.7"
  resolved "https://registry.yarnpkg.com/@firebase/installations/-/installations-0.6.7.tgz#4fc60ca86e838d7c45dfd1d4926d000060bd1079"
  integrity sha512-i6iGoXRu5mX4rTsiMSSKrgh9pSEzD4hwBEzRh5kEhOTr8xN/wvQcCPZDSMVYKwM2XyCPBLVq0JzjyerwL0Rihg==
  dependencies:
    "@firebase/component" "0.6.7"
    "@firebase/util" "1.9.6"
    idb "7.1.1"
    tslib "^2.1.0"

"@firebase/logger@0.4.2":
  version "0.4.2"
  resolved "https://registry.yarnpkg.com/@firebase/logger/-/logger-0.4.2.tgz#74dfcfeedee810deb8a7080d5b7eba56aa16ffa2"
  integrity sha512-Q1VuA5M1Gjqrwom6I6NUU4lQXdo9IAQieXlujeHZWvRt1b7qQ0KwBaNAjgxG27jgF9/mUwsNmO8ptBCGVYhB0A==
  dependencies:
    tslib "^2.1.0"

"@firebase/messaging-compat@0.2.9":
  version "0.2.9"
  resolved "https://registry.yarnpkg.com/@firebase/messaging-compat/-/messaging-compat-0.2.9.tgz#a4cae54c9caf10a3a6c811152d5bd58f165337b7"
  integrity sha512-5jN6wyhwPgBH02zOtmmoOeyfsmoD7ty48D1m0vVPsFg55RqN2Z3Q9gkZ5GmPklFPjTPLcxB1ObcHOZvThTkm7g==
  dependencies:
    "@firebase/component" "0.6.7"
    "@firebase/messaging" "0.12.9"
    "@firebase/util" "1.9.6"
    tslib "^2.1.0"

"@firebase/messaging-interop-types@0.2.2":
  version "0.2.2"
  resolved "https://registry.yarnpkg.com/@firebase/messaging-interop-types/-/messaging-interop-types-0.2.2.tgz#81042f7e9739733fa4571d17f6eb6869522754d0"
  integrity sha512-l68HXbuD2PPzDUOFb3aG+nZj5KA3INcPwlocwLZOzPp9rFM9yeuI9YLl6DQfguTX5eAGxO0doTR+rDLDvQb5tA==

"@firebase/messaging@0.12.9":
  version "0.12.9"
  resolved "https://registry.yarnpkg.com/@firebase/messaging/-/messaging-0.12.9.tgz#c3cb7a26a3488161273839bf65237f8c485ba661"
  integrity sha512-IH+JJmzbFGZXV3+TDyKdqqKPVfKRqBBg2BfYYOy7cm7J+SwV+uJMe8EnDKYeQLEQhtpwciPfJ3qQXJs2lbxDTw==
  dependencies:
    "@firebase/component" "0.6.7"
    "@firebase/installations" "0.6.7"
    "@firebase/messaging-interop-types" "0.2.2"
    "@firebase/util" "1.9.6"
    idb "7.1.1"
    tslib "^2.1.0"

"@firebase/performance-compat@0.2.7":
  version "0.2.7"
  resolved "https://registry.yarnpkg.com/@firebase/performance-compat/-/performance-compat-0.2.7.tgz#30e29934326888b164c67e5f3709c3a8e580a8d6"
  integrity sha512-cb8ge/5iTstxfIGW+iiY+7l3FtN8gobNh9JSQNZgLC9xmcfBYWEs8IeEWMI6S8T+At0oHc3lv+b2kpRMUWr8zQ==
  dependencies:
    "@firebase/component" "0.6.7"
    "@firebase/logger" "0.4.2"
    "@firebase/performance" "0.6.7"
    "@firebase/performance-types" "0.2.2"
    "@firebase/util" "1.9.6"
    tslib "^2.1.0"

"@firebase/performance-types@0.2.2":
  version "0.2.2"
  resolved "https://registry.yarnpkg.com/@firebase/performance-types/-/performance-types-0.2.2.tgz#7b78cd2ab2310bac89a63348d93e67e01eb06dd7"
  integrity sha512-gVq0/lAClVH5STrIdKnHnCo2UcPLjJlDUoEB/tB4KM+hAeHUxWKnpT0nemUPvxZ5nbdY/pybeyMe8Cs29gEcHA==

"@firebase/performance@0.6.7":
  version "0.6.7"
  resolved "https://registry.yarnpkg.com/@firebase/performance/-/performance-0.6.7.tgz#7d6c4e5ec61df7369d87fb4a5c0af4e0cedee69b"
  integrity sha512-d+Q4ltjdJZqjzcdms5i0UC9KLYX7vKGcygZ+7zHA/Xk+bAbMD2CPU0nWTnlNFWifZWIcXZ/2mAMvaGMW3lypUA==
  dependencies:
    "@firebase/component" "0.6.7"
    "@firebase/installations" "0.6.7"
    "@firebase/logger" "0.4.2"
    "@firebase/util" "1.9.6"
    tslib "^2.1.0"

"@firebase/remote-config-compat@0.2.7":
  version "0.2.7"
  resolved "https://registry.yarnpkg.com/@firebase/remote-config-compat/-/remote-config-compat-0.2.7.tgz#8a7ac7658a7c9cc29a4ad5884bc224eaae950c38"
  integrity sha512-Fq0oneQ4SluLnfr5/HfzRS1TZf1ANj1rWbCCW3+oC98An3nE+sCdp+FSuHsEVNwgMg4Tkwx9Oom2lkKeU+Vn+w==
  dependencies:
    "@firebase/component" "0.6.7"
    "@firebase/logger" "0.4.2"
    "@firebase/remote-config" "0.4.7"
    "@firebase/remote-config-types" "0.3.2"
    "@firebase/util" "1.9.6"
    tslib "^2.1.0"

"@firebase/remote-config-types@0.3.2":
  version "0.3.2"
  resolved "https://registry.yarnpkg.com/@firebase/remote-config-types/-/remote-config-types-0.3.2.tgz#a5d1009c6fd08036c5cd4f28764e3cd694f966d5"
  integrity sha512-0BC4+Ud7y2aPTyhXJTMTFfrGGLqdYXrUB9sJVAB8NiqJswDTc4/2qrE/yfUbnQJhbSi6ZaTTBKyG3n1nplssaA==

"@firebase/remote-config@0.4.7":
  version "0.4.7"
  resolved "https://registry.yarnpkg.com/@firebase/remote-config/-/remote-config-0.4.7.tgz#1afd6f3089e3c66ed6909eb60d0eb1329d27c9ff"
  integrity sha512-5oPNrPFLsbsjpq0lUEIXoDF2eJK7vAbyXe/DEuZQxnwJlfR7aQbtUlEkRgQWcicXpyDmAmDLo7q7lDbCYa6CpA==
  dependencies:
    "@firebase/component" "0.6.7"
    "@firebase/installations" "0.6.7"
    "@firebase/logger" "0.4.2"
    "@firebase/util" "1.9.6"
    tslib "^2.1.0"

"@firebase/storage-compat@0.3.8":
  version "0.3.8"
  resolved "https://registry.yarnpkg.com/@firebase/storage-compat/-/storage-compat-0.3.8.tgz#0d6d66a683713953b2bd24494e83bddcbb562f3a"
  integrity sha512-qDfY9kMb6Ch2hZb40sBjDQ8YPxbjGOxuT+gU1Z0iIVSSpSX0f4YpGJCypUXiA0T11n6InCXB+T/Dknh2yxVTkg==
  dependencies:
    "@firebase/component" "0.6.7"
    "@firebase/storage" "0.12.5"
    "@firebase/storage-types" "0.8.2"
    "@firebase/util" "1.9.6"
    tslib "^2.1.0"

"@firebase/storage-types@0.8.2":
  version "0.8.2"
  resolved "https://registry.yarnpkg.com/@firebase/storage-types/-/storage-types-0.8.2.tgz#edb321b8a3872a9f74e1f27de046f160021c8e1f"
  integrity sha512-0vWu99rdey0g53lA7IShoA2Lol1jfnPovzLDUBuon65K7uKG9G+L5uO05brD9pMw+l4HRFw23ah3GwTGpEav6g==

"@firebase/storage@0.12.5":
  version "0.12.5"
  resolved "https://registry.yarnpkg.com/@firebase/storage/-/storage-0.12.5.tgz#9277b4f838572ba78f017aa6207c6d7545400846"
  integrity sha512-nGWBOGFNr10j0LA4NJ3/Yh3us/lb0Q1xSIKZ38N6FcS+vY54nqJ7k3zE3PENregHC8+8txRow++A568G3v8hOA==
  dependencies:
    "@firebase/component" "0.6.7"
    "@firebase/util" "1.9.6"
    tslib "^2.1.0"
    undici "5.28.4"

"@firebase/util@1.9.6":
  version "1.9.6"
  resolved "https://registry.yarnpkg.com/@firebase/util/-/util-1.9.6.tgz#56dc34e20fcbc0dd07b11b800f95f5d0417cbfb4"
  integrity sha512-IBr1MZbp4d5MjBCXL3TW1dK/PDXX4yOGbiwRNh1oAbE/+ci5Uuvy9KIrsFYY80as1I0iOaD5oOMA9Q8j4TJWcw==
  dependencies:
    tslib "^2.1.0"

"@firebase/vertexai-preview@0.0.1":
  version "0.0.1"
  resolved "https://registry.yarnpkg.com/@firebase/vertexai-preview/-/vertexai-preview-0.0.1.tgz#d25ccb106f6dd572a5ead51b17f968c3f2aa2bbb"
  integrity sha512-N8m9Xr0YZKy0t9SpQDuHrL2ppEAT/iqf88Y/O00QNA/Td/BMCL8sJ0c+Savh1TVrqh0rNp9n6HkZ39e/O5mwhA==
  dependencies:
    "@firebase/app-check-interop-types" "0.3.2"
    "@firebase/component" "0.6.7"
    "@firebase/logger" "0.4.2"
    "@firebase/util" "1.9.6"
    tslib "^2.1.0"

"@firebase/webchannel-wrapper@1.0.0":
  version "1.0.0"
  resolved "https://registry.yarnpkg.com/@firebase/webchannel-wrapper/-/webchannel-wrapper-1.0.0.tgz#a0e11b39fa3ef56ed5333bf321f581037aeda033"
  integrity sha512-zuWxyfXNbsKbm96HhXzainONPFqRcoZblQ++e9cAIGUuHfl2cFSBzW01jtesqWG/lqaUyX3H8O1y9oWboGNQBA==

"@grpc/grpc-js@~1.9.0":
  version "1.9.15"
  resolved "https://registry.yarnpkg.com/@grpc/grpc-js/-/grpc-js-1.9.15.tgz#433d7ac19b1754af690ea650ab72190bd700739b"
  integrity sha512-nqE7Hc0AzI+euzUwDAy0aY5hCp10r734gMGRdU+qOPX0XSceI2ULrcXB5U2xSc5VkWwalCj4M7GzCAygZl2KoQ==
  dependencies:
    "@grpc/proto-loader" "^0.7.8"
    "@types/node" ">=12.12.47"

"@grpc/proto-loader@^0.7.8":
  version "0.7.15"
  resolved "https://registry.yarnpkg.com/@grpc/proto-loader/-/proto-loader-0.7.15.tgz#4cdfbf35a35461fc843abe8b9e2c0770b5095e60"
  integrity sha512-tMXdRCfYVixjuFK+Hk0Q1s38gV9zDiDJfWL3h1rv4Qc39oILCu1TRTDt7+fGUI8K4G1Fj125Hx/ru3azECWTyQ==
  dependencies:
    lodash.camelcase "^4.3.0"
    long "^5.0.0"
    protobufjs "^7.2.5"
    yargs "^17.7.2"

"@js-joda/core@3.2.0":
  version "3.2.0"
  resolved "https://registry.yarnpkg.com/@js-joda/core/-/core-3.2.0.tgz#3e61e21b7b2b8a6be746df1335cf91d70db2a273"
  integrity sha512-PMqgJ0sw5B7FKb2d5bWYIoxjri+QlW/Pys7+Rw82jSH0QN3rB05jZ/VrrsUdh1w4+i2kw9JOejXGq/KhDOX7Kg==
